
Microsoft Visual Studio Solution File, Format Version 11.00
# Visual Studio 2010
Project("{FAE04EC0-301F-11D3-BF4B-00C04F79EFBC}") = "RexRunRescue", "Assembly-CSharp.csproj", "{578F202D-DE68-A2F3-F351-7162DBCD3A3E}"
EndProject
Project("{FAE04EC0-301F-11D3-BF4B-00C04F79EFBC}") = "RexRunRescue", "Assembly-CSharp-Editor.csproj", "{4BB66F1C-0B07-1D79-F287-1A69C654916E}"
EndProject
Global
	GlobalSection(SolutionConfigurationPlatforms) = preSolution
		Debug|Any CPU = Debug|Any CPU
		Release|Any CPU = Release|Any CPU
	EndGlobalSection
	GlobalSection(ProjectConfigurationPlatforms) = postSolution
		{578F202D-DE68-A2F3-F351-7162DBCD3A3E}.Debug|Any CPU.ActiveCfg = Debug|Any CPU
		{578F202D-DE68-A2F3-F351-7162DBCD3A3E}.Debug|Any CPU.Build.0 = Debug|Any CPU
		{578F202D-DE68-A2F3-F351-7162DBCD3A3E}.Release|Any CPU.ActiveCfg = Release|Any CPU
		{578F202D-DE68-A2F3-F351-7162DBCD3A3E}.Release|Any CPU.Build.0 = Release|Any CPU
		{4BB66F1C-0B07-1D79-F287-1A69C654916E}.Debug|Any CPU.ActiveCfg = Debug|Any CPU
		{4BB66F1C-0B07-1D79-F287-1A69C654916E}.Debug|Any CPU.Build.0 = Debug|Any CPU
		{4BB66F1C-0B07-1D79-F287-1A69C654916E}.Release|Any CPU.ActiveCfg = Release|Any CPU
		{4BB66F1C-0B07-1D79-F287-1A69C654916E}.Release|Any CPU.Build.0 = Release|Any CPU
	EndGlobalSection
	GlobalSection(SolutionProperties) = preSolution
		HideSolutionNode = FALSE
	EndGlobalSection
	GlobalSection(MonoDevelopProperties) = preSolution
		StartupItem = Assembly-CSharp.csproj
	EndGlobalSection
EndGlobal
